GEM
  remote: https://rubygems.org/
  specs:
    commonmarker (2.10.0)
      rb_sys (~> 0.9)
    commonmarker (2.10.0-x86_64-linux)
    faraday (2.14.3)
      faraday-net_http (>= 2.0, < 3.5)
      json
      logger
    faraday-net_http (3.4.4)
      net-http (~> 0.5)
    json (2.21.2)
    logger (1.7.0)
    net-http (0.9.1)
      uri (>= 0.11.1)
    openapi3_parser (0.10.1)
      commonmarker (>= 1.0)
    rake-compiler-dock (1.12.0)
    rb_sys (0.9.130)
      rake-compiler-dock (= 1.12.0)
    uri (1.1.1)

PLATFORMS
  ruby
  x86_64-linux

DEPENDENCIES
  faraday (= 2.14.3)
  openapi3_parser (= 0.10.1)

CHECKSUMS
  commonmarker (2.10.0) sha256=1884529957bf59bcd4f19fcc29e931f2042760ced273353e8010a20fe4ae68cb
  commonmarker (2.10.0-x86_64-linux) sha256=945c510c0bfca9022245928e2248468fe3ddad58c939be0c37b20082cc392880
  faraday (2.14.3) sha256=1882247e6766615c8220b4392bf1d27f6ebb63d8e28267587cef1fb0bf37f278
  faraday-net_http (3.4.4) sha256=0e78af151747ed1b00f33e25973b4bc220d7f16c00c39676817c8b12331eb588
  json (2.21.2) sha256=1f1d3b7cf2b3ba1a69beca0bb6db13d5438b80bff3cd54cdaaa620b9b07c1c6a
  logger (1.7.0) sha256=196edec7cc44b66cfb40f9755ce11b392f21f7967696af15d274dde7edff0203
  net-http (0.9.1) sha256=25ba0b67c63e89df626ed8fac771d0ad24ad151a858af2cc8e6a716ca4336996
  openapi3_parser (0.10.1) sha256=e373bfcec1f183252a51fbe28787b52c4052e045697bae1778258bb9b3296a19
  rake-compiler-dock (1.12.0) sha256=f13205c2738f3d2053afcd03491a9e4541b22a59a0bfc53fc8bc883bd8188023
  rb_sys (0.9.130) sha256=7d486d99c1da02635515deaf9860fc5aea90bb4ab2589b2deec7fdc7d3548615
  uri (1.1.1) sha256=379fa58d27ffb1387eaada68c749d1426738bd0f654d812fcc07e7568f5c57c6

BUNDLED WITH
  4.0.0
